
Microsoft Visual Studio Solution File, Format Version 12.00
# Visual Studio Version 17
VisualStudioVersion = 17.3.32819.101
MinimumVisualStudioVersion = 10.0.40219.1
Project("{FAE04EC0-301F-11D3-BF4B-00C04F79EFBC}") = "Tarimcan.Schedule", "..\Tarimcan.Schedule\Tarimcan.Schedule.csproj", "{E49A6169-7191-40B8-BAEA-953FDFA96FCD}"
EndProject
Project("{FAE04EC0-301F-11D3-BF4B-00C04F79EFBC}") = "TarimCan.DataAccessLayer", "..\TarimCan.DataAccessLayer\TarimCan.DataAccessLayer.csproj", "{64E8BE46-91F1-42E6-B830-675DD40F7D75}"
EndProject
Project("{FAE04EC0-301F-11D3-BF4B-00C04F79EFBC}") = "TarimCan.Models", "..\TarimCan.Models\TarimCan.Models.csproj", "{4598FDFD-7E63-4718-BDD2-521B49856113}"
EndProject
Project("{FAE04EC0-301F-11D3-BF4B-00C04F79EFBC}") = "TarimCan.Helper", "..\TarimCan.Helper\TarimCan.Helper.csproj", "{30F1447D-011F-4D5B-A573-62974BE4A73D}"
EndProject
Project("{FAE04EC0-301F-11D3-BF4B-00C04F79EFBC}") = "TarimCan", "TarimCan.csproj", "{126081AA-84F5-45BD-916A-6B78EFBA8AA3}"
EndProject
Global
	GlobalSection(SolutionConfigurationPlatforms) = preSolution
		Debug|Any CPU = Debug|Any CPU
		Release|Any CPU = Release|Any CPU
	EndGlobalSection
	GlobalSection(ProjectConfigurationPlatforms) = postSolution
		{E49A6169-7191-40B8-BAEA-953FDFA96FCD}.Debug|Any CPU.ActiveCfg = Debug|Any CPU
		{E49A6169-7191-40B8-BAEA-953FDFA96FCD}.Debug|Any CPU.Build.0 = Debug|Any CPU
		{E49A6169-7191-40B8-BAEA-953FDFA96FCD}.Release|Any CPU.ActiveCfg = Release|Any CPU
		{E49A6169-7191-40B8-BAEA-953FDFA96FCD}.Release|Any CPU.Build.0 = Release|Any CPU
		{64E8BE46-91F1-42E6-B830-675DD40F7D75}.Debug|Any CPU.ActiveCfg = Debug|Any CPU
		{64E8BE46-91F1-42E6-B830-675DD40F7D75}.Debug|Any CPU.Build.0 = Debug|Any CPU
		{64E8BE46-91F1-42E6-B830-675DD40F7D75}.Release|Any CPU.ActiveCfg = Release|Any CPU
		{64E8BE46-91F1-42E6-B830-675DD40F7D75}.Release|Any CPU.Build.0 = Release|Any CPU
		{4598FDFD-7E63-4718-BDD2-521B49856113}.Debug|Any CPU.ActiveCfg = Debug|Any CPU
		{4598FDFD-7E63-4718-BDD2-521B49856113}.Debug|Any CPU.Build.0 = Debug|Any CPU
		{4598FDFD-7E63-4718-BDD2-521B49856113}.Release|Any CPU.ActiveCfg = Release|Any CPU
		{4598FDFD-7E63-4718-BDD2-521B49856113}.Release|Any CPU.Build.0 = Release|Any CPU
		{30F1447D-011F-4D5B-A573-62974BE4A73D}.Debug|Any CPU.ActiveCfg = Debug|Any CPU
		{30F1447D-011F-4D5B-A573-62974BE4A73D}.Debug|Any CPU.Build.0 = Debug|Any CPU
		{30F1447D-011F-4D5B-A573-62974BE4A73D}.Release|Any CPU.ActiveCfg = Release|Any CPU
		{30F1447D-011F-4D5B-A573-62974BE4A73D}.Release|Any CPU.Build.0 = Release|Any CPU
		{126081AA-84F5-45BD-916A-6B78EFBA8AA3}.Debug|Any CPU.ActiveCfg = Debug|Any CPU
		{126081AA-84F5-45BD-916A-6B78EFBA8AA3}.Debug|Any CPU.Build.0 = Debug|Any CPU
		{126081AA-84F5-45BD-916A-6B78EFBA8AA3}.Release|Any CPU.ActiveCfg = Release|Any CPU
		{126081AA-84F5-45BD-916A-6B78EFBA8AA3}.Release|Any CPU.Build.0 = Release|Any CPU
	EndGlobalSection
	GlobalSection(SolutionProperties) = preSolution
		HideSolutionNode = FALSE
	EndGlobalSection
	GlobalSection(ExtensibilityGlobals) = postSolution
		SolutionGuid = {E14C4EED-151F-425A-9FB3-374899ABFDBB}
	EndGlobalSection
EndGlobal
